// !$*UTF8*$!
{
	archiveVersion = 1;
	classes = {
	};
	objectVersion = 50;
	objects = {

/* Begin PBXBuildFile section */
		AF1CF9AA236F81670002997C /* AppDelegate.swift in Sources */ = {isa = PBXBuildFile; fileRef = AF1CF9A9236F81670002997C /* AppDelegate.swift */; };
		AF1CF9AC236F81670002997C /* ViewController.swift in Sources */ = {isa = PBXBuildFile; fileRef = AF1CF9AB236F81670002997C /* ViewController.swift */; };
		AF1CF9AF236F81670002997C /* Main.storyboard in Resources */ = {isa = PBXBuildFile; fileRef = AF1CF9AD236F81670002997C /* Main.storyboard */; };
		AF1CF9B1236F816E0002997C /* Assets.xcassets in Resources */ = {isa = PBXBuildFile; fileRef = AF1CF9B0236F816E0002997C /* Assets.xcassets */; };
		AF1CF9B4236F816E0002997C /* LaunchScreen.storyboard in Resources */ = {isa = PBXBuildFile; fileRef = AF1CF9B2236F816E0002997C /* LaunchScreen.storyboard */; };
		AF1CF9B9236F816E0002997C /* SushiTowerGame WatchKit App.app in Embed Watch Content */ = {isa = PBXBuildFile; fileRef = AF1CF9B8236F816E0002997C /* SushiTowerGame WatchKit App.app */; };
		AF1CF9BF236F816E0002997C /* Interface.storyboard in Resources */ = {isa = PBXBuildFile; fileRef = AF1CF9BD236F816E0002997C /* Interface.storyboard */; };
		AF1CF9C1236F816F0002997C /* Assets.xcassets in Resources */ = {isa = PBXBuildFile; fileRef = AF1CF9C0236F816F0002997C /* Assets.xcassets */; };
		AF1CF9C8236F816F0002997C /* SushiTowerGame WatchKit Extension.appex in Embed App Extensions */ = {isa = PBXBuildFile; fileRef = AF1CF9C7236F816F0002997C /* SushiTowerGame WatchKit Extension.appex */; settings = {ATTRIBUTES = (RemoveHeadersOnCopy, ); }; };
		AF1CF9CD236F816F0002997C /* InterfaceController.swift in Sources */ = {isa = PBXBuildFile; fileRef = AF1CF9CC236F816F0002997C /* InterfaceController.swift */; };
		AF1CF9CF236F816F0002997C /* ExtensionDelegate.swift in Sources */ = {isa = PBXBuildFile; fileRef = AF1CF9CE236F816F0002997C /* ExtensionDelegate.swift */; };
		AF1CF9D1236F816F0002997C /* NotificationController.swift in Sources */ = {isa = PBXBuildFile; fileRef = AF1CF9D0236F816F0002997C /* NotificationController.swift */; };
		AF1CF9D3236F81700002997C /* Assets.xcassets in Resources */ = {isa = PBXBuildFile; fileRef = AF1CF9D2236F81700002997C /* Assets.xcassets */; };
		AF1CF9E4236F82780002997C /* GameScene.swift in Sources */ = {isa = PBXBuildFile; fileRef = AF1CF9E3236F82780002997C /* GameScene.swift */; };
		AF1CF9E6236F82A20002997C /* SushiPiece.swift in Sources */ = {isa = PBXBuildFile; fileRef = AF1CF9E5236F82A20002997C /* SushiPiece.swift */; };
/* End PBXBuildFile section */

/* Begin PBXContainerItemProxy section */
		AF1CF9BA236F816E0002997C /* PBXContainerItemProxy */ = {
			isa = PBXContainerItemProxy;
			containerPortal = AF1CF99E236F81660002997C /* Project object */;
			proxyType = 1;
			remoteGlobalIDString = AF1CF9B7236F816E0002997C;
			remoteInfo = "SushiTowerGame WatchKit App";
		};
		AF1CF9C9236F816F0002997C /* PBXContainerItemProxy */ = {
			isa = PBXContainerItemProxy;
			containerPortal = AF1CF99E236F81660002997C /* Project object */;
			proxyType = 1;
			remoteGlobalIDString = AF1CF9C6236F816F0002997C;
			remoteInfo = "SushiTowerGame WatchKit Extension";
		};
/* End PBXContainerItemProxy section */

/* Begin PBXCopyFilesBuildPhase section */
		AF1CF9DB236F81700002997C /* Embed App Extensions */ = {
			isa = PBXCopyFilesBuildPhase;
			buildActionMask = 2147483647;
			dstPath = "";
			dstSubfolderSpec = 13;
			files = (
				AF1CF9C8236F816F0002997C /* SushiTowerGame WatchKit Extension.appex in Embed App Extensions */,
			);
			name = "Embed App Extensions";
			runOnlyForDeploymentPostprocessing = 0;
		};
		AF1CF9DF236F81700002997C /* Embed Watch Content */ = {
			isa = PBXCopyFilesBuildPhase;
			buildActionMask = 2147483647;
			dstPath = "$(CONTENTS_FOLDER_PATH)/Watch";
			dstSubfolderSpec = 16;
			files = (
				AF1CF9B9236F816E0002997C /* SushiTowerGame WatchKit App.app in Embed Watch Content */,
			);
			name = "Embed Watch Content";
			runOnlyForDeploymentPostprocessing = 0;
		};
/* End PBXCopyFilesBuildPhase section */

/* Begin PBXFileReference section */
		AF1CF9A6236F81660002997C /* SushiTowerGame.app */ = {isa = PBXFileReference; explicitFileType = wrapper.application; includeInIndex = 0; path = SushiTowerGame.app; sourceTree = BUILT_PRODUCTS_DIR; };
		AF1CF9A9236F81670002997C /* AppDelegate.swift */ = {isa = PBXFileReference; lastKnownFileType = sourcecode.swift; path = AppDelegate.swift; sourceTree = "<group>"; };
		AF1CF9AB236F81670002997C /* ViewController.swift */ = {isa = PBXFileReference; lastKnownFileType = sourcecode.swift; path = ViewController.swift; sourceTree = "<group>"; };
		AF1CF9AE236F81670002997C /* Base */ = {isa = PBXFileReference; lastKnownFileType = file.storyboard; name = Base; path = Base.lproj/Main.storyboard; sourceTree = "<group>"; };
		AF1CF9B0236F816E0002997C /* Assets.xcassets */ = {isa = PBXFileReference; lastKnownFileType = folder.assetcatalog; path = Assets.xcassets; sourceTree = "<group>"; };
		AF1CF9B3236F816E0002997C /* Base */ = {isa = PBXFileReference; lastKnownFileType = file.storyboard; name = Base; path = Base.lproj/LaunchScreen.storyboard; sourceTree = "<group>"; };
		AF1CF9B5236F816E0002997C /* Info.plist */ = {isa = PBXFileReference; lastKnownFileType = text.plist.xml; path = Info.plist; sourceTree = "<group>"; };
		AF1CF9B8236F816E0002997C /* SushiTowerGame WatchKit App.app */ = {isa = PBXFileReference; explicitFileType = wrapper.application; includeInIndex = 0; path = "SushiTowerGame WatchKit App.app"; sourceTree = BUILT_PRODUCTS_DIR; };
		AF1CF9BE236F816E0002997C /* Base */ = {isa = PBXFileReference; lastKnownFileType = file.storyboard; name = Base; path = Base.lproj/Interface.storyboard; sourceTree = "<group>"; };
		AF1CF9C0236F816F0002997C /* Assets.xcassets */ = {isa = PBXFileReference; lastKnownFileType = folder.assetcatalog; path = Assets.xcassets; sourceTree = "<group>"; };
		AF1CF9C2236F816F0002997C /* Info.plist */ = {isa = PBXFileReference; lastKnownFileType = text.plist.xml; path = Info.plist; sourceTree = "<group>"; };
		AF1CF9C7236F816F0002997C /* SushiTowerGame WatchKit Extension.appex */ = {isa = PBXFileReference; explicitFileType = "wrapper.app-extension"; includeInIndex = 0; path = "SushiTowerGame WatchKit Extension.appex"; sourceTree = BUILT_PRODUCTS_DIR; };
		AF1CF9CC236F816F0002997C /* InterfaceController.swift */ = {isa = PBXFileReference; lastKnownFileType = sourcecode.swift; path = InterfaceController.swift; sourceTree = "<group>"; };
		AF1CF9CE236F816F0002997C /* ExtensionDelegate.swift */ = {isa = PBXFileReference; lastKnownFileType = sourcecode.swift; path = ExtensionDelegate.swift; sourceTree = "<group>"; };
		AF1CF9D0236F816F0002997C /* NotificationController.swift */ = {isa = PBXFileReference; lastKnownFileType = sourcecode.swift; path = NotificationController.swift; sourceTree = "<group>"; };
		AF1CF9D2236F81700002997C /* Assets.xcassets */ = {isa = PBXFileReference; lastKnownFileType = folder.assetcatalog; path = Assets.xcassets; sourceTree = "<group>"; };
		AF1CF9D4236F81700002997C /* Info.plist */ = {isa = PBXFileReference; lastKnownFileType = text.plist.xml; path = Info.plist; sourceTree = "<group>"; };
		AF1CF9D5236F81700002997C /* PushNotificationPayload.apns */ = {isa = PBXFileReference; lastKnownFileType = text; path = PushNotificationPayload.apns; sourceTree = "<group>"; };
		AF1CF9E3236F82780002997C /* GameScene.swift */ = {isa = PBXFileReference; lastKnownFileType = sourcecode.swift; path = GameScene.swift; sourceTree = "<group>"; };
		AF1CF9E5236F82A20002997C /* SushiPiece.swift */ = {isa = PBXFileReference; lastKnownFileType = sourcecode.swift; path = SushiPiece.swift; sourceTree = "<group>"; };
/* End PBXFileReference section */

/* Begin PBXFrameworksBuildPhase section */
		AF1CF9A3236F81660002997C /* Frameworks */ = {
			isa = PBXFrameworksBuildPhase;
			buildActionMask = 2147483647;
			files = (
			);
			runOnlyForDeploymentPostprocessing = 0;
		};
		AF1CF9C4236F816F0002997C /* Frameworks */ = {
			isa = PBXFrameworksBuildPhase;
			buildActionMask = 2147483647;
			files = (
			);
			runOnlyForDeploymentPostprocessing = 0;
		};
/* End PBXFrameworksBuildPhase section */

/* Begin PBXGroup section */
		AF1CF99D236F81660002997C = {
			isa = PBXGroup;
			children = (
				AF1CF9A8236F81660002997C /* SushiTowerGame */,
				AF1CF9BC236F816E0002997C /* SushiTowerGame WatchKit App */,
				AF1CF9CB236F816F0002997C /* SushiTowerGame WatchKit Extension */,
				AF1CF9A7236F81660002997C /* Products */,
			);
			sourceTree = "<group>";
		};
		AF1CF9A7236F81660002997C /* Products */ = {
			isa = PBXGroup;
			children = (
				AF1CF9A6236F81660002997C /* SushiTowerGame.app */,
				AF1CF9B8236F816E0002997C /* SushiTowerGame WatchKit App.app */,
				AF1CF9C7236F816F0002997C /* SushiTowerGame WatchKit Extension.appex */,
			);
			name = Products;
			sourceTree = "<group>";
		};
		AF1CF9A8236F81660002997C /* SushiTowerGame */ = {
			isa = PBXGroup;
			children = (
				AF1CF9A9236F81670002997C /* AppDelegate.swift */,
				AF1CF9E5236F82A20002997C /* SushiPiece.swift */,
				AF1CF9E3236F82780002997C /* GameScene.swift */,
				AF1CF9AB236F81670002997C /* ViewController.swift */,
				AF1CF9AD236F81670002997C /* Main.storyboard */,
				AF1CF9B0236F816E0002997C /* Assets.xcassets */,
				AF1CF9B2236F816E0002997C /* LaunchScreen.storyboard */,
				AF1CF9B5236F816E0002997C /* Info.plist */,
			);
			path = SushiTowerGame;
			sourceTree = "<group>";
		};
		AF1CF9BC236F816E0002997C /* SushiTowerGame WatchKit App */ = {
			isa = PBXGroup;
			children = (
				AF1CF9BD236F816E0002997C /* Interface.storyboard */,
				AF1CF9C0236F816F0002997C /* Assets.xcassets */,
				AF1CF9C2236F816F0002997C /* Info.plist */,
			);
			path = "SushiTowerGame WatchKit App";
			sourceTree = "<group>";
		};
		AF1CF9CB236F816F0002997C /* SushiTowerGame WatchKit Extension */ = {
			isa = PBXGroup;
			children = (
				AF1CF9CC236F816F0002997C /* InterfaceController.swift */,
				AF1CF9CE236F816F0002997C /* ExtensionDelegate.swift */,
				AF1CF9D0236F816F0002997C /* NotificationController.swift */,
				AF1CF9D2236F81700002997C /* Assets.xcassets */,
				AF1CF9D4236F81700002997C /* Info.plist */,
				AF1CF9D5236F81700002997C /* PushNotificationPayload.apns */,
			);
			path = "SushiTowerGame WatchKit Extension";
			sourceTree = "<group>";
		};
/* End PBXGroup section */

/* Begin PBXNativeTarget section */
		AF1CF9A5236F81660002997C /* SushiTowerGame */ = {
			isa = PBXNativeTarget;
			buildConfigurationList = AF1CF9E0236F81700002997C /* Build configuration list for PBXNativeTarget "SushiTowerGame" */;
			buildPhases = (
				AF1CF9A2236F81660002997C /* Sources */,
				AF1CF9A3236F81660002997C /* Frameworks */,
				AF1CF9A4236F81660002997C /* Resources */,
				AF1CF9DF236F81700002997C /* Embed Watch Content */,
			);
			buildRules = (
			);
			dependencies = (
				AF1CF9BB236F816E0002997C /* PBXTargetDependency */,
			);
			name = SushiTowerGame;
			productName = SushiTowerGame;
			productReference = AF1CF9A6236F81660002997C /* SushiTowerGame.app */;
			productType = "com.apple.product-type.application";
		};
		AF1CF9B7236F816E0002997C /* SushiTowerGame WatchKit App */ = {
			isa = PBXNativeTarget;
			buildConfigurationList = AF1CF9DC236F81700002997C /* Build configuration list for PBXNativeTarget "SushiTowerGame WatchKit App" */;
			buildPhases = (
				AF1CF9B6236F816E0002997C /* Resources */,
				AF1CF9DB236F81700002997C /* Embed App Extensions */,
			);
			buildRules = (
			);
			dependencies = (
				AF1CF9CA236F816F0002997C /* PBXTargetDependency */,
			);
			name = "SushiTowerGame WatchKit App";
			productName = "SushiTowerGame WatchKit App";
			productReference = AF1CF9B8236F816E0002997C /* SushiTowerGame WatchKit App.app */;
			productType = "com.apple.product-type.application.watchapp2";
		};
		AF1CF9C6236F816F0002997C /* SushiTowerGame WatchKit Extension */ = {
			isa = PBXNativeTarget;
			buildConfigurationList = AF1CF9D8236F81700002997C /* Build configuration list for PBXNativeTarget "SushiTowerGame WatchKit Extension" */;
			buildPhases = (
				AF1CF9C3236F816F0002997C /* Sources */,
				AF1CF9C4236F816F0002997C /* Frameworks */,
				AF1CF9C5236F816F0002997C /* Resources */,
			);
			buildRules = (
			);
			dependencies = (
			);
			name = "SushiTowerGame WatchKit Extension";
			productName = "SushiTowerGame WatchKit Extension";
			productReference = AF1CF9C7236F816F0002997C /* SushiTowerGame WatchKit Extension.appex */;
			productType = "com.apple.product-type.watchkit2-extension";
		};
/* End PBXNativeTarget section */

/* Begin PBXProject section */
		AF1CF99E236F81660002997C /* Project object */ = {
			isa = PBXProject;
			attributes = {
				LastSwiftUpdateCheck = 1020;
				LastUpgradeCheck = 1020;
				ORGANIZATIONNAME = abc;
				TargetAttributes = {
					AF1CF9A5236F81660002997C = {
						CreatedOnToolsVersion = 10.2.1;
					};
					AF1CF9B7236F816E0002997C = {
						CreatedOnToolsVersion = 10.2.1;
					};
					AF1CF9C6236F816F0002997C = {
						CreatedOnToolsVersion = 10.2.1;
					};
				};
			};
			buildConfigurationList = AF1CF9A1236F81660002997C /* Build configuration list for PBXProject "SushiTowerGame" */;
			compatibilityVersion = "Xcode 9.3";
			developmentRegion = en;
			hasScannedForEncodings = 0;
			knownRegions = (
				en,
				Base,
			);
			mainGroup = AF1CF99D236F81660002997C;
			productRefGroup = AF1CF9A7236F81660002997C /* Products */;
			projectDirPath = "";
			projectRoot = "";
			targets = (
				AF1CF9A5236F81660002997C /* SushiTowerGame */,
				AF1CF9B7236F816E0002997C /* SushiTowerGame WatchKit App */,
				AF1CF9C6236F816F0002997C /* SushiTowerGame WatchKit Extension */,
			);
		};
/* End PBXProject section */

/* Begin PBXResourcesBuildPhase section */
		AF1CF9A4236F81660002997C /* Resources */ = {
			isa = PBXResourcesBuildPhase;
			buildActionMask = 2147483647;
			files = (
				AF1CF9B4236F816E0002997C /* LaunchScreen.storyboard in Resources */,
				AF1CF9B1236F816E0002997C /* Assets.xcassets in Resources */,
				AF1CF9AF236F81670002997C /* Main.storyboard in Resources */,
			);
			runOnlyForDeploymentPostprocessing = 0;
		};
		AF1CF9B6236F816E0002997C /* Resources */ = {
			isa = PBXResourcesBuildPhase;
			buildActionMask = 2147483647;
			files = (
				AF1CF9C1236F816F0002997C /* Assets.xcassets in Resources */,
				AF1CF9BF236F816E0002997C /* Interface.storyboard in Resources */,
			);
			runOnlyForDeploymentPostprocessing = 0;
		};
		AF1CF9C5236F816F0002997C /* Resources */ = {
			isa = PBXResourcesBuildPhase;
			buildActionMask = 2147483647;
			files = (
				AF1CF9D3236F81700002997C /* Assets.xcassets in Resources */,
			);
			runOnlyForDeploymentPostprocessing = 0;
		};
/* End PBXResourcesBuildPhase section */

/* Begin PBXSourcesBuildPhase section */
		AF1CF9A2236F81660002997C /* Sources */ = {
			isa = PBXSourcesBuildPhase;
			buildActionMask = 2147483647;
			files = (
				AF1CF9E4236F82780002997C /* GameScene.swift in Sources */,
				AF1CF9E6236F82A20002997C /* SushiPiece.swift in Sources */,
				AF1CF9AC236F81670002997C /* ViewController.swift in Sources */,
				AF1CF9AA236F81670002997C /* AppDelegate.swift in Sources */,
			);
			runOnlyForDeploymentPostprocessing = 0;
		};
		AF1CF9C3236F816F0002997C /* Sources */ = {
			isa = PBXSourcesBuildPhase;
			buildActionMask = 2147483647;
			files = (
				AF1CF9D1236F816F0002997C /* NotificationController.swift in Sources */,
				AF1CF9CF236F816F0002997C /* ExtensionDelegate.swift in Sources */,
				AF1CF9CD236F816F0002997C /* InterfaceController.swift in Sources */,
			);
			runOnlyForDeploymentPostprocessing = 0;
		};
/* End PBXSourcesBuildPhase section */

/* Begin PBXTargetDependency section */
		AF1CF9BB236F816E0002997C /* PBXTargetDependency */ = {
			isa = PBXTargetDependency;
			target = AF1CF9B7236F816E0002997C /* SushiTowerGame WatchKit App */;
			targetProxy = AF1CF9BA236F816E0002997C /* PBXContainerItemProxy */;
		};
		AF1CF9CA236F816F0002997C /* PBXTargetDependency */ = {
			isa = PBXTargetDependency;
			target = AF1CF9C6236F816F0002997C /* SushiTowerGame WatchKit Extension */;
			targetProxy = AF1CF9C9236F816F0002997C /* PBXContainerItemProxy */;
		};
/* End PBXTargetDependency section */

/* Begin PBXVariantGroup section */
		AF1CF9AD236F81670002997C /* Main.storyboard */ = {
			isa = PBXVariantGroup;
			children = (
				AF1CF9AE236F81670002997C /* Base */,
			);
			name = Main.storyboard;
			sourceTree = "<group>";
		};
		AF1CF9B2236F816E0002997C /* LaunchScreen.storyboard */ = {
			isa = PBXVariantGroup;
			children = (
				AF1CF9B3236F816E0002997C /* Base */,
			);
			name = LaunchScreen.storyboard;
			sourceTree = "<group>";
		};
		AF1CF9BD236F816E0002997C /* Interface.storyboard */ = {
			isa = PBXVariantGroup;
			children = (
				AF1CF9BE236F816E0002997C /* Base */,
			);
			name = Interface.storyboard;
			sourceTree = "<group>";
		};
/* End PBXVariantGroup section */

/* Begin XCBuildConfiguration section */
		AF1CF9D6236F81700002997C /* Debug */ = {
			isa = XCBuildConfiguration;
			buildSettings = {
				ALWAYS_SEARCH_USER_PATHS = NO;
				CLANG_ANALYZER_NONNULL = YES;
				CLANG_ANALYZER_NUMBER_OBJECT_CONVERSION = YES_AGGRESSIVE;
				CLANG_CXX_LANGUAGE_STANDARD = "gnu++14";
				CLANG_CXX_LIBRARY = "libc++";
				CLANG_ENABLE_MODULES = YES;
				CLANG_ENABLE_OBJC_ARC = YES;
				CLANG_ENABLE_OBJC_WEAK = YES;
				CLANG_WARN_BLOCK_CAPTURE_AUTORELEASING = YES;
				CLANG_WARN_BOOL_CONVERSION = YES;
				CLANG_WARN_COMMA = YES;
				CLANG_WARN_CONSTANT_CONVERSION = YES;
				CLANG_WARN_DEPRECATED_OBJC_IMPLEMENTATIONS = YES;
				CLANG_WARN_DIRECT_OBJC_ISA_USAGE = YES_ERROR;
				CLANG_WARN_DOCUMENTATION_COMMENTS = YES;
				CLANG_WARN_EMPTY_BODY = YES;
				CLANG_WARN_ENUM_CONVERSION = YES;
				CLANG_WARN_INFINITE_RECURSION = YES;
				CLANG_WARN_INT_CONVERSION = YES;
				CLANG_WARN_NON_LITERAL_NULL_CONVERSION = YES;
				CLANG_WARN_OBJC_IMPLICIT_RETAIN_SELF = YES;
				CLANG_WARN_OBJC_LITERAL_CONVERSION = YES;
				CLANG_WARN_OBJC_ROOT_CLASS = YES_ERROR;
				CLANG_WARN_RANGE_LOOP_ANALYSIS = YES;
				CLANG_WARN_STRICT_PROTOTYPES = YES;
				CLANG_WARN_SUSPICIOUS_MOVE = YES;
				CLANG_WARN_UNGUARDED_AVAILABILITY = YES_AGGRESSIVE;
				CLANG_WARN_UNREACHABLE_CODE = YES;
				CLANG_WARN__DUPLICATE_METHOD_MATCH = YES;
				CODE_SIGN_IDENTITY = "iPhone Developer";
				COPY_PHASE_STRIP = NO;
				DEBUG_INFORMATION_FORMAT = dwarf;
				ENABLE_STRICT_OBJC_MSGSEND = YES;
				ENABLE_TESTABILITY = YES;
				GCC_C_LANGUAGE_STANDARD = gnu11;
				GCC_DYNAMIC_NO_PIC = NO;
				GCC_NO_COMMON_BLOCKS = YES;
				GCC_OPTIMIZATION_LEVEL = 0;
				GCC_PREPROCESSOR_DEFINITIONS = (
					"DEBUG=1",
					"$(inherited)",
				);
				GCC_WARN_64_TO_32_BIT_CONVERSION = YES;
				GCC_WARN_ABOUT_RETURN_TYPE = YES_ERROR;
				GCC_WARN_UNDECLARED_SELECTOR = YES;
				GCC_WARN_UNINITIALIZED_AUTOS = YES_AGGRESSIVE;
				GCC_WARN_UNUSED_FUNCTION = YES;
				GCC_WARN_UNUSED_VARIABLE = YES;
				IPHONEOS_DEPLOYMENT_TARGET = 12.2;
				MTL_ENABLE_DEBUG_INFO = INCLUDE_SOURCE;
				MTL_FAST_MATH = YES;
				ONLY_ACTIVE_ARCH = YES;
				SDKROOT = iphoneos;
				SWIFT_ACTIVE_COMPILATION_CONDITIONS = DEBUG;
				SWIFT_OPTIMIZATION_LEVEL = "-Onone";
			};
			name = Debug;
		};
		AF1CF9D7236F81700002997C /* Release */ = {
			isa = XCBuildConfiguration;
			buildSettings = {
				ALWAYS_SEARCH_USER_PATHS = NO;
				CLANG_ANALYZER_NONNULL = YES;
				CLANG_ANALYZER_NUMBER_OBJECT_CONVERSION = YES_AGGRESSIVE;
				CLANG_CXX_LANGUAGE_STANDARD = "gnu++14";
				CLANG_CXX_LIBRARY = "libc++";
				CLANG_ENABLE_MODULES = YES;
				CLANG_ENABLE_OBJC_ARC = YES;
				CLANG_ENABLE_OBJC_WEAK = YES;
				CLANG_WARN_BLOCK_CAPTURE_AUTORELEASING = YES;
				CLANG_WARN_BOOL_CONVERSION = YES;
				CLANG_WARN_COMMA = YES;
				CLANG_WARN_CONSTANT_CONVERSION = YES;
				CLANG_WARN_DEPRECATED_OBJC_IMPLEMENTATIONS = YES;
				CLANG_WARN_DIRECT_OBJC_ISA_USAGE = YES_ERROR;
				CLANG_WARN_DOCUMENTATION_COMMENTS = YES;
				CLANG_WARN_EMPTY_BODY = YES;
				CLANG_WARN_ENUM_CONVERSION = YES;
				CLANG_WARN_INFINITE_RECURSION = YES;
				CLANG_WARN_INT_CONVERSION = YES;
				CLANG_WARN_NON_LITERAL_NULL_CONVERSION = YES;
				CLANG_WARN_OBJC_IMPLICIT_RETAIN_SELF = YES;
				CLANG_WARN_OBJC_LITERAL_CONVERSION = YES;
				CLANG_WARN_OBJC_ROOT_CLASS = YES_ERROR;
				CLANG_WARN_RANGE_LOOP_ANALYSIS = YES;
				CLANG_WARN_STRICT_PROTOTYPES = YES;
				CLANG_WARN_SUSPICIOUS_MOVE = YES;
				CLANG_WARN_UNGUARDED_AVAILABILITY = YES_AGGRESSIVE;
				CLANG_WARN_UNREACHABLE_CODE = YES;
				CLANG_WARN__DUPLICATE_METHOD_MATCH = YES;
				CODE_SIGN_IDENTITY = "iPhone Developer";
				COPY_PHASE_STRIP = NO;
				DEBUG_INFORMATION_FORMAT = "dwarf-with-dsym";
				ENABLE_NS_ASSERTIONS = NO;
				ENABLE_STRICT_OBJC_MSGSEND = YES;
				GCC_C_LANGUAGE_STANDARD = gnu11;
				GCC_NO_COMMON_BLOCKS = YES;
				GCC_WARN_64_TO_32_BIT_CONVERSION = YES;
				GCC_WARN_ABOUT_RETURN_TYPE = YES_ERROR;
				GCC_WARN_UNDECLARED_SELECTOR = YES;
				GCC_WARN_UNINITIALIZED_AUTOS = YES_AGGRESSIVE;
				GCC_WARN_UNUSED_FUNCTION = YES;
				GCC_WARN_UNUSED_VARIABLE = YES;
				IPHONEOS_DEPLOYMENT_TARGET = 12.2;
				MTL_ENABLE_DEBUG_INFO = NO;
				MTL_FAST_MATH = YES;
				SDKROOT = iphoneos;
				SWIFT_COMPILATION_MODE = wholemodule;
				SWIFT_OPTIMIZATION_LEVEL = "-O";
				VALIDATE_PRODUCT = YES;
			};
			name = Release;
		};
		AF1CF9D9236F81700002997C /* Debug */ = {
			isa = XCBuildConfiguration;
			buildSettings = {
				ASSETCATALOG_COMPILER_COMPLICATION_NAME = Complication;
				CODE_SIGN_STYLE = Automatic;
				INFOPLIST_FILE = "SushiTowerGame WatchKit Extension/Info.plist";
				LD_RUNPATH_SEARCH_PATHS = (
					"$(inherited)",
					"@executable_path/Frameworks",
					"@executable_path/../../Frameworks",
				);
				PRODUCT_BUNDLE_IDENTIFIER = abc.SushiTowerGame.watchkitapp.watchkitextension;
				PRODUCT_NAME = "${TARGET_NAME}";
				SDKROOT = watchos;
				SKIP_INSTALL = YES;
				SWIFT_VERSION = 5.0;
				TARGETED_DEVICE_FAMILY = 4;
				WATCHOS_DEPLOYMENT_TARGET = 5.2;
			};
			name = Debug;
		};
		AF1CF9DA236F81700002997C /* Release */ = {
			isa = XCBuildConfiguration;
			buildSettings = {
				ASSETCATALOG_COMPILER_COMPLICATION_NAME = Complication;
				CODE_SIGN_STYLE = Automatic;
				INFOPLIST_FILE = "SushiTowerGame WatchKit Extension/Info.plist";
				LD_RUNPATH_SEARCH_PATHS = (
					"$(inherited)",
					"@executable_path/Frameworks",
					"@executable_path/../../Frameworks",
				);
				PRODUCT_BUNDLE_IDENTIFIER = abc.SushiTowerGame.watchkitapp.watchkitextension;
				PRODUCT_NAME = "${TARGET_NAME}";
				SDKROOT = watchos;
				SKIP_INSTALL = YES;
				SWIFT_VERSION = 5.0;
				TARGETED_DEVICE_FAMILY = 4;
				WATCHOS_DEPLOYMENT_TARGET = 5.2;
			};
			name = Release;
		};
		AF1CF9DD236F81700002997C /* Debug */ = {
			isa = XCBuildConfiguration;
			buildSettings = {
				ALWAYS_EMBED_SWIFT_STANDARD_LIBRARIES = YES;
				ASSETCATALOG_COMPILER_APPICON_NAME = AppIcon;
				CODE_SIGN_STYLE = Automatic;
				IBSC_MODULE = SushiTowerGame_WatchKit_Extension;
				INFOPLIST_FILE = "SushiTowerGame WatchKit App/Info.plist";
				PRODUCT_BUNDLE_IDENTIFIER = abc.SushiTowerGame.watchkitapp;
				PRODUCT_NAME = "$(TARGET_NAME)";
				SDKROOT = watchos;
				SKIP_INSTALL = YES;
				SWIFT_VERSION = 5.0;
				TARGETED_DEVICE_FAMILY = 4;
				WATCHOS_DEPLOYMENT_TARGET = 5.2;
			};
			name = Debug;
		};
		AF1CF9DE236F81700002997C /* Release */ = {
			isa = XCBuildConfiguration;
			buildSettings = {
				ALWAYS_EMBED_SWIFT_STANDARD_LIBRARIES = YES;
				ASSETCATALOG_COMPILER_APPICON_NAME = AppIcon;
				CODE_SIGN_STYLE = Automatic;
				IBSC_MODULE = SushiTowerGame_WatchKit_Extension;
				INFOPLIST_FILE = "SushiTowerGame WatchKit App/Info.plist";
				PRODUCT_BUNDLE_IDENTIFIER = abc.SushiTowerGame.watchkitapp;
				PRODUCT_NAME = "$(TARGET_NAME)";
				SDKROOT = watchos;
				SKIP_INSTALL = YES;
				SWIFT_VERSION = 5.0;
				TARGETED_DEVICE_FAMILY = 4;
				WATCHOS_DEPLOYMENT_TARGET = 5.2;
			};
			name = Release;
		};
		AF1CF9E1236F81700002997C /* Debug */ = {
			isa = XCBuildConfiguration;
			buildSettings = {
				ASSETCATALOG_COMPILER_APPICON_NAME = AppIcon;
				CODE_SIGN_STYLE = Automatic;
				INFOPLIST_FILE = SushiTowerGame/Info.plist;
				LD_RUNPATH_SEARCH_PATHS = (
					"$(inherited)",
					"@executable_path/Frameworks",
				);
				PRODUCT_BUNDLE_IDENTIFIER = abc.SushiTowerGame;
				PRODUCT_NAME = "$(TARGET_NAME)";
				SWIFT_VERSION = 5.0;
				TARGETED_DEVICE_FAMILY = "1,2";
			};
			name = Debug;
		};
		AF1CF9E2236F81700002997C /* Release */ = {
			isa = XCBuildConfiguration;
			buildSettings = {
				ASSETCATALOG_COMPILER_APPICON_NAME = AppIcon;
				CODE_SIGN_STYLE = Automatic;
				INFOPLIST_FILE = SushiTowerGame/Info.plist;
				LD_RUNPATH_SEARCH_PATHS = (
					"$(inherited)",
					"@executable_path/Frameworks",
				);
				PRODUCT_BUNDLE_IDENTIFIER = abc.SushiTowerGame;
				PRODUCT_NAME = "$(TARGET_NAME)";
				SWIFT_VERSION = 5.0;
				TARGETED_DEVICE_FAMILY = "1,2";
			};
			name = Release;
		};
/* End XCBuildConfiguration section */

/* Begin XCConfigurationList section */
		AF1CF9A1236F81660002997C /* Build configuration list for PBXProject "SushiTowerGame" */ = {
			isa = XCConfigurationList;
			buildConfigurations = (
				AF1CF9D6236F81700002997C /* Debug */,
				AF1CF9D7236F81700002997C /* Release */,
			);
			defaultConfigurationIsVisible = 0;
			defaultConfigurationName = Release;
		};
		AF1CF9D8236F81700002997C /* Build configuration list for PBXNativeTarget "SushiTowerGame WatchKit Extension" */ = {
			isa = XCConfigurationList;
			buildConfigurations = (
				AF1CF9D9236F81700002997C /* Debug */,
				AF1CF9DA236F81700002997C /* Release */,
			);
			defaultConfigurationIsVisible = 0;
			defaultConfigurationName = Release;
		};
		AF1CF9DC236F81700002997C /* Build configuration list for PBXNativeTarget "SushiTowerGame WatchKit App" */ = {
			isa = XCConfigurationList;
			buildConfigurations = (
				AF1CF9DD236F81700002997C /* Debug */,
				AF1CF9DE236F81700002997C /* Release */,
			);
			defaultConfigurationIsVisible = 0;
			defaultConfigurationName = Release;
		};
		AF1CF9E0236F81700002997C /* Build configuration list for PBXNativeTarget "SushiTowerGame" */ = {
			isa = XCConfigurationList;
			buildConfigurations = (
				AF1CF9E1236F81700002997C /* Debug */,
				AF1CF9E2236F81700002997C /* Release */,
			);
			defaultConfigurationIsVisible = 0;
			defaultConfigurationName = Release;
		};
/* End XCConfigurationList section */
	};
	rootObject = AF1CF99E236F81660002997C /* Project object */;
}
